
Microsoft Visual Studio Solution File, Format Version 12.00
# Visual Studio 15
VisualStudioVersion = 15.0.26430.15
MinimumVisualStudioVersion = 10.0.40219.1
Project("{9A19103F-16F7-4668-BE54-9A1E7A4F7556}") = "FivePrincipleOOPSingleResponsabilityPrinciple", "FivePrincipleOOPSingleResponsabilityPrinciple.csproj", "{551F2756-0CE6-488C-9C87-2BA558DF77C2}"
EndProject
Project("{9A19103F-16F7-4668-BE54-9A1E7A4F7556}") = "FivePrincipleOOPOpenClosePrinciple", "..\FivePrincipleOOPOpenClosePrinciple\FivePrincipleOOPOpenClosePrinciple.csproj", "{778A2F36-350A-4A5E-BD72-C87A28D80FAC}"
EndProject
Project("{FAE04EC0-301F-11D3-BF4B-00C04F79EFBC}") = "UnitTestProject", "..\UnitTestProject\UnitTestProject.csproj", "{970CB339-56B4-4949-BA26-A70745146D8A}"
EndProject
Global
	GlobalSection(SolutionConfigurationPlatforms) = preSolution
		Debug|Any CPU = Debug|Any CPU
		Release|Any CPU = Release|Any CPU
	EndGlobalSection
	GlobalSection(ProjectConfigurationPlatforms) = postSolution
		{551F2756-0CE6-488C-9C87-2BA558DF77C2}.Debug|Any CPU.ActiveCfg = Debug|Any CPU
		{551F2756-0CE6-488C-9C87-2BA558DF77C2}.Debug|Any CPU.Build.0 = Debug|Any CPU
		{551F2756-0CE6-488C-9C87-2BA558DF77C2}.Release|Any CPU.ActiveCfg = Release|Any CPU
		{551F2756-0CE6-488C-9C87-2BA558DF77C2}.Release|Any CPU.Build.0 = Release|Any CPU
		{778A2F36-350A-4A5E-BD72-C87A28D80FAC}.Debug|Any CPU.ActiveCfg = Debug|Any CPU
		{778A2F36-350A-4A5E-BD72-C87A28D80FAC}.Debug|Any CPU.Build.0 = Debug|Any CPU
		{778A2F36-350A-4A5E-BD72-C87A28D80FAC}.Release|Any CPU.ActiveCfg = Release|Any CPU
		{778A2F36-350A-4A5E-BD72-C87A28D80FAC}.Release|Any CPU.Build.0 = Release|Any CPU
		{970CB339-56B4-4949-BA26-A70745146D8A}.Debug|Any CPU.ActiveCfg = Debug|Any CPU
		{970CB339-56B4-4949-BA26-A70745146D8A}.Debug|Any CPU.Build.0 = Debug|Any CPU
		{970CB339-56B4-4949-BA26-A70745146D8A}.Release|Any CPU.ActiveCfg = Release|Any CPU
		{970CB339-56B4-4949-BA26-A70745146D8A}.Release|Any CPU.Build.0 = Release|Any CPU
	EndGlobalSection
	GlobalSection(SolutionProperties) = preSolution
		HideSolutionNode = FALSE
	EndGlobalSection
EndGlobal
