
Microsoft Visual Studio Solution File, Format Version 12.00
# Visual Studio 15
VisualStudioVersion = 15.0.26430.15
MinimumVisualStudioVersion = 10.0.40219.1
Project("{9A19103F-16F7-4668-BE54-9A1E7A4F7556}") = "FivePrincipleOOPOpenClosePrinciple", "..\FivePrincipleOOPOpenClosePrinciple\FivePrincipleOOPOpenClosePrinciple.csproj", "{778A2F36-350A-4A5E-BD72-C87A28D80FAC}"
EndProject
Project("{9A19103F-16F7-4668-BE54-9A1E7A4F7556}") = "FivePrincipleOOPSingleResponsabilityPrinciple", "..\FivePrincipleOOPSingleResponsabilityPrinciple\FivePrincipleOOPSingleResponsabilityPrinciple.csproj", "{670EC4C7-ED83-4DC7-9F28-5EB75C71DC6F}"
EndProject
Project("{FAE04EC0-301F-11D3-BF4B-00C04F79EFBC}") = "NUnitTests", "..\NUnitTests\NUnitTests.csproj", "{4E4DBDFD-2593-4113-B43F-FBB66B4B2841}"
EndProject
Global
	GlobalSection(SolutionConfigurationPlatforms) = preSolution
		Debug|Any CPU = Debug|Any CPU
		Release|Any CPU = Release|Any CPU
	EndGlobalSection
	GlobalSection(ProjectConfigurationPlatforms) = postSolution
		{778A2F36-350A-4A5E-BD72-C87A28D80FAC}.Debug|Any CPU.ActiveCfg = Debug|Any CPU
		{778A2F36-350A-4A5E-BD72-C87A28D80FAC}.Debug|Any CPU.Build.0 = Debug|Any CPU
		{778A2F36-350A-4A5E-BD72-C87A28D80FAC}.Release|Any CPU.ActiveCfg = Release|Any CPU
		{778A2F36-350A-4A5E-BD72-C87A28D80FAC}.Release|Any CPU.Build.0 = Release|Any CPU
		{670EC4C7-ED83-4DC7-9F28-5EB75C71DC6F}.Debug|Any CPU.ActiveCfg = Debug|Any CPU
		{670EC4C7-ED83-4DC7-9F28-5EB75C71DC6F}.Debug|Any CPU.Build.0 = Debug|Any CPU
		{670EC4C7-ED83-4DC7-9F28-5EB75C71DC6F}.Release|Any CPU.ActiveCfg = Release|Any CPU
		{670EC4C7-ED83-4DC7-9F28-5EB75C71DC6F}.Release|Any CPU.Build.0 = Release|Any CPU
		{4E4DBDFD-2593-4113-B43F-FBB66B4B2841}.Debug|Any CPU.ActiveCfg = Debug|Any CPU
		{4E4DBDFD-2593-4113-B43F-FBB66B4B2841}.Debug|Any CPU.Build.0 = Debug|Any CPU
		{4E4DBDFD-2593-4113-B43F-FBB66B4B2841}.Release|Any CPU.ActiveCfg = Release|Any CPU
		{4E4DBDFD-2593-4113-B43F-FBB66B4B2841}.Release|Any CPU.Build.0 = Release|Any CPU
	EndGlobalSection
	GlobalSection(SolutionProperties) = preSolution
		HideSolutionNode = FALSE
	EndGlobalSection
EndGlobal
